{
  "name": "nodebb-theme-persona",
  "version": "9.0.42",
  "lockfileVersion": 1,
  "dependencies": {
    "pulling": {
      "version": "http://registry.npmjs.org/pulling/-/pulling-1.1.2.tgz",
      "integrity": "sha1-7kNcELXLbhaybzC3cpnfhYSyoiI="
    },
    "striptags": {
      "version": "http://registry.npmjs.org/striptags/-/striptags-3.1.1.tgz",
      "integrity": "sha1-yMPn/db7S7OjKjt1LltePjgJPr0="
    }
  }
}
